
Microsoft Visual Studio Solution File, Format Version 12.00
# Visual Studio Version 17
VisualStudioVersion = 17.8.34511.84
MinimumVisualStudioVersion = 10.0.40219.1
Project("{FAE04EC0-301F-11D3-BF4B-00C04F79EFBC}") = "Ejercicio Herencia", "Ejercicio Herencia\Ejercicio Herencia.csproj", "{0A463407-62F0-4726-A1F0-AD482A0C6631}"
EndProject
Global
	GlobalSection(SolutionConfigurationPlatforms) = preSolution
		Debug|Any CPU = Debug|Any CPU
		Release|Any CPU = Release|Any CPU
	EndGlobalSection
	GlobalSection(ProjectConfigurationPlatforms) = postSolution
		{0A463407-62F0-4726-A1F0-AD482A0C6631}.Debug|Any CPU.ActiveCfg = Debug|Any CPU
		{0A463407-62F0-4726-A1F0-AD482A0C6631}.Debug|Any CPU.Build.0 = Debug|Any CPU
		{0A463407-62F0-4726-A1F0-AD482A0C6631}.Release|Any CPU.ActiveCfg = Release|Any CPU
		{0A463407-62F0-4726-A1F0-AD482A0C6631}.Release|Any CPU.Build.0 = Release|Any CPU
	EndGlobalSection
	GlobalSection(SolutionProperties) = preSolution
		HideSolutionNode = FALSE
	EndGlobalSection
	GlobalSection(ExtensibilityGlobals) = postSolution
		SolutionGuid = {5087DE14-43DB-4070-9803-823104DFB400}
	EndGlobalSection
EndGlobal
